lockfileVersion: '9.0'

settings:
  autoInstallPeers: true
  excludeLinksFromLockfile: false

importers:

  .:
    devDependencies:
      '@biomejs/biome':
        specifier: ^1.9.4
        version: 1.9.4
      lefthook:
        specifier: ^1.11.11
        version: 1.11.11

  infra:
    devDependencies:
      pg:
        specifier: ^8.15.6
        version: 8.15.6

  web: {}

packages:

  '@biomejs/biome@1.9.4':
    resolution: {integrity: sha512-1rkd7G70+o9KkTn5KLmDYXihGoTaIGO9PIIN2ZB7UJxFrWw04CZHPYiMRjYsaDvVV7hP1dYNRLxSANLaBFGpog==}
    engines: {node: '>=14.21.3'}
    hasBin: true

  '@biomejs/cli-darwin-arm64@1.9.4':
    resolution: {integrity: sha512-bFBsPWrNvkdKrNCYeAp+xo2HecOGPAy9WyNyB/jKnnedgzl4W4Hb9ZMzYNbf8dMCGmUdSavlYHiR01QaYR58cw==}
    engines: {node: '>=14.21.3'}
    cpu: [arm64]
    os: [darwin]

  '@biomejs/cli-darwin-x64@1.9.4':
    resolution: {integrity: sha512-ngYBh/+bEedqkSevPVhLP4QfVPCpb+4BBe2p7Xs32dBgs7rh9nY2AIYUL6BgLw1JVXV8GlpKmb/hNiuIxfPfZg==}
    engines: {node: '>=14.21.3'}
    cpu: [x64]
    os: [darwin]

  '@biomejs/cli-linux-arm64-musl@1.9.4':
    resolution: {integrity: sha512-v665Ct9WCRjGa8+kTr0CzApU0+XXtRgwmzIf1SeKSGAv+2scAlW6JR5PMFo6FzqqZ64Po79cKODKf3/AAmECqA==}
    engines: {node: '>=14.21.3'}
    cpu: [arm64]
    os: [linux]

  '@biomejs/cli-linux-arm64@1.9.4':
    resolution: {integrity: sha512-fJIW0+LYujdjUgJJuwesP4EjIBl/N/TcOX3IvIHJQNsAqvV2CHIogsmA94BPG6jZATS4Hi+xv4SkBBQSt1N4/g==}
    engines: {node: '>=14.21.3'}
    cpu: [arm64]
    os: [linux]

  '@biomejs/cli-linux-x64-musl@1.9.4':
    resolution: {integrity: sha512-gEhi/jSBhZ2m6wjV530Yy8+fNqG8PAinM3oV7CyO+6c3CEh16Eizm21uHVsyVBEB6RIM8JHIl6AGYCv6Q6Q9Tg==}
    engines: {node: '>=14.21.3'}
    cpu: [x64]
    os: [linux]

  '@biomejs/cli-linux-x64@1.9.4':
    resolution: {integrity: sha512-lRCJv/Vi3Vlwmbd6K+oQ0KhLHMAysN8lXoCI7XeHlxaajk06u7G+UsFSO01NAs5iYuWKmVZjmiOzJ0OJmGsMwg==}
    engines: {node: '>=14.21.3'}
    cpu: [x64]
    os: [linux]

  '@biomejs/cli-win32-arm64@1.9.4':
    resolution: {integrity: sha512-tlbhLk+WXZmgwoIKwHIHEBZUwxml7bRJgk0X2sPyNR3S93cdRq6XulAZRQJ17FYGGzWne0fgrXBKpl7l4M87Hg==}
    engines: {node: '>=14.21.3'}
    cpu: [arm64]
    os: [win32]

  '@biomejs/cli-win32-x64@1.9.4':
    resolution: {integrity: sha512-8Y5wMhVIPaWe6jw2H+KlEm4wP/f7EW3810ZLmDlrEEy5KvBsb9ECEfu/kMWD484ijfQ8+nIi0giMgu9g1UAuuA==}
    engines: {node: '>=14.21.3'}
    cpu: [x64]
    os: [win32]

  lefthook-darwin-arm64@1.11.11:
    resolution: {integrity: sha512-E4jbCkSYClOwrMbbDCuTCZcD6PL3w2aJkBVZQAA/0xAcfETKj4ud1Xe3FzqBCHFIs4OJBtI8FUzbyoM+XpgSUA==}
    cpu: [arm64]
    os: [darwin]

  lefthook-darwin-x64@1.11.11:
    resolution: {integrity: sha512-fQ+kN+aVRPQQPkMqwCCZSENZ+l0R6O8lefNbWrZ05PumN9BJqUIKBB2dm88UfnGzAeg5YQvwoTH0H/BV8lKIEA==}
    cpu: [x64]
    os: [darwin]

  lefthook-freebsd-arm64@1.11.11:
    resolution: {integrity: sha512-FnsvTeRvZ2p09DzOdMoYe5APtVEcfSWUpbJUvJ79yKnWd+E7OTaqgHJ0mV7lz48uZeaCmBa2RMwB+BhKi/LaUA==}
    cpu: [arm64]
    os: [freebsd]

  lefthook-freebsd-x64@1.11.11:
    resolution: {integrity: sha512-jnkfnaBQHBrv2SAsgGPx90JdCuNUfiTWm9kcvOiW6MQs2IkptlAYa+xkkp2QNDhhtcF+4wVSbTqLgDZ/j9Xr0w==}
    cpu: [x64]
    os: [freebsd]

  lefthook-linux-arm64@1.11.11:
    resolution: {integrity: sha512-3SO2srRpKR/XR7HeC8J1yaCiYH8wsKZyM7jLAwiGQxoF425+iEQmAZIYv3P/eEtt8Tnwtdzaz5uGwZlrN3Io8Q==}
    cpu: [arm64]
    os: [linux]

  lefthook-linux-x64@1.11.11:
    resolution: {integrity: sha512-/qz/PAe8fT+/7U9VZxFwVqIlJCAdfGQ6Fsy5399sBmwBBV0fa09ibMqQLdUkXJv5ZP1Lp8JzsJinz8eeMQTgfA==}
    cpu: [x64]
    os: [linux]

  lefthook-openbsd-arm64@1.11.11:
    resolution: {integrity: sha512-mkNgdOClVqIT4JQakRXrY1iAXA8k+y/PiVlqtRVxPWVjx47tSMQHC0U+ef2d9JmYHh4Dk8htRX8D0rpkiMudkA==}
    cpu: [arm64]
    os: [openbsd]

  lefthook-openbsd-x64@1.11.11:
    resolution: {integrity: sha512-Chhf5lRrrc6FdfYsbfjbV8pY1ZQJ0D6Jkq07WKSCusL/NVRCzg4uxWzD3tyJMtFwy2gMbmup4/P0sX/e6jcy8A==}
    cpu: [x64]
    os: [openbsd]

  lefthook-windows-arm64@1.11.11:
    resolution: {integrity: sha512-253PgkB58+tI9EmqqbjRCyD3P73njdE14zTmrfMjZK1gIlKLZiPFq3K1YgRGh/OOieKdAum4LxlGKkhXg4w3ZQ==}
    cpu: [arm64]
    os: [win32]

  lefthook-windows-x64@1.11.11:
    resolution: {integrity: sha512-n+r5RtXCVqKNYc3AR1Vj2NQKKg2Fu79NsmqiiEA7S6ahG+DOqagI7PeJWM1PIqlRid50JyYNM2mWxb7DAe0ZFw==}
    cpu: [x64]
    os: [win32]

  lefthook@1.11.11:
    resolution: {integrity: sha512-TZAbpT13+grDIMwmdvGCEVLsJCwRDCcQjUyeoUFUDJZyc9E4Oztjo0cwaLX9CMGF68ISmj1arRg6KgvU2e/oEg==}
    hasBin: true

  pg-cloudflare@1.2.5:
    resolution: {integrity: sha512-OOX22Vt0vOSRrdoUPKJ8Wi2OpE/o/h9T8X1s4qSkCedbNah9ei2W2765be8iMVxQUsvgT7zIAT2eIa9fs5+vtg==}

  pg-connection-string@2.8.5:
    resolution: {integrity: sha512-Ni8FuZ8yAF+sWZzojvtLE2b03cqjO5jNULcHFfM9ZZ0/JXrgom5pBREbtnAw7oxsxJqHw9Nz/XWORUEL3/IFow==}

  pg-int8@1.0.1:
    resolution: {integrity: sha512-WCtabS6t3c8SkpDBUlb1kjOs7l66xsGdKpIPZsg4wR+B3+u9UAum2odSsF9tnvxg80h4ZxLWMy4pRjOsFIqQpw==}
    engines: {node: '>=4.0.0'}

  pg-pool@3.9.6:
    resolution: {integrity: sha512-rFen0G7adh1YmgvrmE5IPIqbb+IgEzENUm+tzm6MLLDSlPRoZVhzU1WdML9PV2W5GOdRA9qBKURlbt1OsXOsPw==}
    peerDependencies:
      pg: '>=8.0'

  pg-protocol@1.9.5:
    resolution: {integrity: sha512-DYTWtWpfd5FOro3UnAfwvhD8jh59r2ig8bPtc9H8Ds7MscE/9NYruUQWFAOuraRl29jwcT2kyMFQ3MxeaVjUhg==}

  pg-types@2.2.0:
    resolution: {integrity: sha512-qTAAlrEsl8s4OiEQY69wDvcMIdQN6wdz5ojQiOy6YRMuynxenON0O5oCpJI6lshc6scgAY8qvJ2On/p+CXY0GA==}
    engines: {node: '>=4'}

  pg@8.15.6:
    resolution: {integrity: sha512-yvao7YI3GdmmrslNVsZgx9PfntfWrnXwtR+K/DjI0I/sTKif4Z623um+sjVZ1hk5670B+ODjvHDAckKdjmPTsg==}
    engines: {node: '>= 8.0.0'}
    peerDependencies:
      pg-native: '>=3.0.1'
    peerDependenciesMeta:
      pg-native:
        optional: true

  pgpass@1.0.5:
    resolution: {integrity: sha512-FdW9r/jQZhSeohs1Z3sI1yxFQNFvMcnmfuj4WBMUTxOrAyLMaTcE1aAMBiTlbMNaXvBCQuVi0R7hd8udDSP7ug==}

  postgres-array@2.0.0:
    resolution: {integrity: sha512-VpZrUqU5A69eQyW2c5CA1jtLecCsN2U/bD6VilrFDWq5+5UIEVO7nazS3TEcHf1zuPYO/sqGvUvW62g86RXZuA==}
    engines: {node: '>=4'}

  postgres-bytea@1.0.0:
    resolution: {integrity: sha512-xy3pmLuQqRBZBXDULy7KbaitYqLcmxigw14Q5sj8QBVLqEwXfeybIKVWiqAXTlcvdvb0+xkOtDbfQMOf4lST1w==}
    engines: {node: '>=0.10.0'}

  postgres-date@1.0.7:
    resolution: {integrity: sha512-suDmjLVQg78nMK2UZ454hAG+OAW+HQPZ6n++TNDUX+L0+uUlLywnoxJKDou51Zm+zTCjrCl0Nq6J9C5hP9vK/Q==}
    engines: {node: '>=0.10.0'}

  postgres-interval@1.2.0:
    resolution: {integrity: sha512-9ZhXKM/rw350N1ovuWHbGxnGh/SNJ4cnxHiM0rxE4VN41wsg8P8zWn9hv/buK00RP4WvlOyr/RBDiptyxVbkZQ==}
    engines: {node: '>=0.10.0'}

  split2@4.2.0:
    resolution: {integrity: sha512-UcjcJOWknrNkF6PLX83qcHM6KHgVKNkV62Y8a5uYDVv9ydGQVwAHMKqHdJje1VTWpljG0WYpCDhrCdAOYH4TWg==}
    engines: {node: '>= 10.x'}

  xtend@4.0.2:
    resolution: {integrity: sha512-LKYU1iAXJXUgAXn9URjiu+MWhyUXHsvfp7mcuYm9dSUKK0/CjtrUwFAxD82/mCWbtLsGjFIad0wIsod4zrTAEQ==}
    engines: {node: '>=0.4'}

snapshots:

  '@biomejs/biome@1.9.4':
    optionalDependencies:
      '@biomejs/cli-darwin-arm64': 1.9.4
      '@biomejs/cli-darwin-x64': 1.9.4
      '@biomejs/cli-linux-arm64': 1.9.4
      '@biomejs/cli-linux-arm64-musl': 1.9.4
      '@biomejs/cli-linux-x64': 1.9.4
      '@biomejs/cli-linux-x64-musl': 1.9.4
      '@biomejs/cli-win32-arm64': 1.9.4
      '@biomejs/cli-win32-x64': 1.9.4

  '@biomejs/cli-darwin-arm64@1.9.4':
    optional: true

  '@biomejs/cli-darwin-x64@1.9.4':
    optional: true

  '@biomejs/cli-linux-arm64-musl@1.9.4':
    optional: true

  '@biomejs/cli-linux-arm64@1.9.4':
    optional: true

  '@biomejs/cli-linux-x64-musl@1.9.4':
    optional: true

  '@biomejs/cli-linux-x64@1.9.4':
    optional: true

  '@biomejs/cli-win32-arm64@1.9.4':
    optional: true

  '@biomejs/cli-win32-x64@1.9.4':
    optional: true

  lefthook-darwin-arm64@1.11.11:
    optional: true

  lefthook-darwin-x64@1.11.11:
    optional: true

  lefthook-freebsd-arm64@1.11.11:
    optional: true

  lefthook-freebsd-x64@1.11.11:
    optional: true

  lefthook-linux-arm64@1.11.11:
    optional: true

  lefthook-linux-x64@1.11.11:
    optional: true

  lefthook-openbsd-arm64@1.11.11:
    optional: true

  lefthook-openbsd-x64@1.11.11:
    optional: true

  lefthook-windows-arm64@1.11.11:
    optional: true

  lefthook-windows-x64@1.11.11:
    optional: true

  lefthook@1.11.11:
    optionalDependencies:
      lefthook-darwin-arm64: 1.11.11
      lefthook-darwin-x64: 1.11.11
      lefthook-freebsd-arm64: 1.11.11
      lefthook-freebsd-x64: 1.11.11
      lefthook-linux-arm64: 1.11.11
      lefthook-linux-x64: 1.11.11
      lefthook-openbsd-arm64: 1.11.11
      lefthook-openbsd-x64: 1.11.11
      lefthook-windows-arm64: 1.11.11
      lefthook-windows-x64: 1.11.11

  pg-cloudflare@1.2.5:
    optional: true

  pg-connection-string@2.8.5: {}

  pg-int8@1.0.1: {}

  pg-pool@3.9.6(pg@8.15.6):
    dependencies:
      pg: 8.15.6

  pg-protocol@1.9.5: {}

  pg-types@2.2.0:
    dependencies:
      pg-int8: 1.0.1
      postgres-array: 2.0.0
      postgres-bytea: 1.0.0
      postgres-date: 1.0.7
      postgres-interval: 1.2.0

  pg@8.15.6:
    dependencies:
      pg-connection-string: 2.8.5
      pg-pool: 3.9.6(pg@8.15.6)
      pg-protocol: 1.9.5
      pg-types: 2.2.0
      pgpass: 1.0.5
    optionalDependencies:
      pg-cloudflare: 1.2.5

  pgpass@1.0.5:
    dependencies:
      split2: 4.2.0

  postgres-array@2.0.0: {}

  postgres-bytea@1.0.0: {}

  postgres-date@1.0.7: {}

  postgres-interval@1.2.0:
    dependencies:
      xtend: 4.0.2

  split2@4.2.0: {}

  xtend@4.0.2: {}
